
Microsoft Visual Studio Solution File, Format Version 12.00
# Visual Studio Version 17
VisualStudioVersion = 17.5.33627.172
MinimumVisualStudioVersion = 10.0.40219.1
Project("{FAE04EC0-301F-11D3-BF4B-00C04F79EFBC}") = "DecisionMakingIntro", "DecisionMakingIntro\DecisionMakingIntro.csproj", "{A37F0EA2-40F5-4610-B01F-CFB7A4D5652B}"
EndProject
Global
	GlobalSection(SolutionConfigurationPlatforms) = preSolution
		Debug|Any CPU = Debug|Any CPU
		Release|Any CPU = Release|Any CPU
	EndGlobalSection
	GlobalSection(ProjectConfigurationPlatforms) = postSolution
		{A37F0EA2-40F5-4610-B01F-CFB7A4D5652B}.Debug|Any CPU.ActiveCfg = Debug|Any CPU
		{A37F0EA2-40F5-4610-B01F-CFB7A4D5652B}.Debug|Any CPU.Build.0 = Debug|Any CPU
		{A37F0EA2-40F5-4610-B01F-CFB7A4D5652B}.Release|Any CPU.ActiveCfg = Release|Any CPU
		{A37F0EA2-40F5-4610-B01F-CFB7A4D5652B}.Release|Any CPU.Build.0 = Release|Any CPU
	EndGlobalSection
	GlobalSection(SolutionProperties) = preSolution
		HideSolutionNode = FALSE
	EndGlobalSection
	GlobalSection(ExtensibilityGlobals) = postSolution
		SolutionGuid = {87C35686-EB3C-485D-B52E-F0EDAB3F9C1B}
	EndGlobalSection
EndGlobal
