
Microsoft Visual Studio Solution File, Format Version 12.00
# Visual Studio Version 17
VisualStudioVersion = 17.5.002.0
MinimumVisualStudioVersion = 10.0.40219.1
Project("{9A19103F-16F7-4668-BE54-9A1E7A4F7556}") = "IEnumerableExample2", "IEnumerableExample2.csproj", "{079B448F-027E-4153-A7F2-DEDEB7B36199}"
EndProject
Global
	GlobalSection(SolutionConfigurationPlatforms) = preSolution
		Debug|Any CPU = Debug|Any CPU
		Release|Any CPU = Release|Any CPU
	EndGlobalSection
	GlobalSection(ProjectConfigurationPlatforms) = postSolution
		{079B448F-027E-4153-A7F2-DEDEB7B36199}.Debug|Any CPU.ActiveCfg = Debug|Any CPU
		{079B448F-027E-4153-A7F2-DEDEB7B36199}.Debug|Any CPU.Build.0 = Debug|Any CPU
		{079B448F-027E-4153-A7F2-DEDEB7B36199}.Release|Any CPU.ActiveCfg = Release|Any CPU
		{079B448F-027E-4153-A7F2-DEDEB7B36199}.Release|Any CPU.Build.0 = Release|Any CPU
	EndGlobalSection
	GlobalSection(SolutionProperties) = preSolution
		HideSolutionNode = FALSE
	EndGlobalSection
	GlobalSection(ExtensibilityGlobals) = postSolution
		SolutionGuid = {111A7387-C381-4B75-A61E-C086BFC94414}
	EndGlobalSection
EndGlobal
