
Microsoft Visual Studio Solution File, Format Version 12.00
# Visual Studio Version 17
VisualStudioVersion = 17.5.33627.172
MinimumVisualStudioVersion = 10.0.40219.1
Project("{FAE04EC0-301F-11D3-BF4B-00C04F79EFBC}") = "FunctionsAndMethods", "FunctionsAndMethods\FunctionsAndMethods.csproj", "{128D2991-1CD9-4CCF-AAB6-6A632ECFC226}"
EndProject
Global
	GlobalSection(SolutionConfigurationPlatforms) = preSolution
		Debug|Any CPU = Debug|Any CPU
		Release|Any CPU = Release|Any CPU
	EndGlobalSection
	GlobalSection(ProjectConfigurationPlatforms) = postSolution
		{128D2991-1CD9-4CCF-AAB6-6A632ECFC226}.Debug|Any CPU.ActiveCfg = Debug|Any CPU
		{128D2991-1CD9-4CCF-AAB6-6A632ECFC226}.Debug|Any CPU.Build.0 = Debug|Any CPU
		{128D2991-1CD9-4CCF-AAB6-6A632ECFC226}.Release|Any CPU.ActiveCfg = Release|Any CPU
		{128D2991-1CD9-4CCF-AAB6-6A632ECFC226}.Release|Any CPU.Build.0 = Release|Any CPU
	EndGlobalSection
	GlobalSection(SolutionProperties) = preSolution
		HideSolutionNode = FALSE
	EndGlobalSection
	GlobalSection(ExtensibilityGlobals) = postSolution
		SolutionGuid = {D4BF309C-C31F-4199-BF6A-C38ABE529669}
	EndGlobalSection
EndGlobal
