
Microsoft Visual Studio Solution File, Format Version 12.00
# Visual Studio Version 17
VisualStudioVersion = 17.5.002.0
MinimumVisualStudioVersion = 10.0.40219.1
Project("{9A19103F-16F7-4668-BE54-9A1E7A4F7556}") = "InterfaceDemo", "InterfaceDemo.csproj", "{531E1809-15BC-4DA3-A472-64AB243B8D3E}"
EndProject
Global
	GlobalSection(SolutionConfigurationPlatforms) = preSolution
		Debug|Any CPU = Debug|Any CPU
		Release|Any CPU = Release|Any CPU
	EndGlobalSection
	GlobalSection(ProjectConfigurationPlatforms) = postSolution
		{531E1809-15BC-4DA3-A472-64AB243B8D3E}.Debug|Any CPU.ActiveCfg = Debug|Any CPU
		{531E1809-15BC-4DA3-A472-64AB243B8D3E}.Debug|Any CPU.Build.0 = Debug|Any CPU
		{531E1809-15BC-4DA3-A472-64AB243B8D3E}.Release|Any CPU.ActiveCfg = Release|Any CPU
		{531E1809-15BC-4DA3-A472-64AB243B8D3E}.Release|Any CPU.Build.0 = Release|Any CPU
	EndGlobalSection
	GlobalSection(SolutionProperties) = preSolution
		HideSolutionNode = FALSE
	EndGlobalSection
	GlobalSection(ExtensibilityGlobals) = postSolution
		SolutionGuid = {FEDBAE8B-0ABF-4EAC-9EB4-643F6F84350C}
	EndGlobalSection
EndGlobal
