
Microsoft Visual Studio Solution File, Format Version 12.00
# Visual Studio Version 17
VisualStudioVersion = 17.5.002.0
MinimumVisualStudioVersion = 10.0.40219.1
Project("{9A19103F-16F7-4668-BE54-9A1E7A4F7556}") = "HashTable", "HashTable.csproj", "{2413F7C7-21F5-4AFF-B272-BB271EBA868B}"
EndProject
Global
	GlobalSection(SolutionConfigurationPlatforms) = preSolution
		Debug|Any CPU = Debug|Any CPU
		Release|Any CPU = Release|Any CPU
	EndGlobalSection
	GlobalSection(ProjectConfigurationPlatforms) = postSolution
		{2413F7C7-21F5-4AFF-B272-BB271EBA868B}.Debug|Any CPU.ActiveCfg = Debug|Any CPU
		{2413F7C7-21F5-4AFF-B272-BB271EBA868B}.Debug|Any CPU.Build.0 = Debug|Any CPU
		{2413F7C7-21F5-4AFF-B272-BB271EBA868B}.Release|Any CPU.ActiveCfg = Release|Any CPU
		{2413F7C7-21F5-4AFF-B272-BB271EBA868B}.Release|Any CPU.Build.0 = Release|Any CPU
	EndGlobalSection
	GlobalSection(SolutionProperties) = preSolution
		HideSolutionNode = FALSE
	EndGlobalSection
	GlobalSection(ExtensibilityGlobals) = postSolution
		SolutionGuid = {326A6E32-552F-48E3-8440-CD10AAE6E92D}
	EndGlobalSection
EndGlobal
